
Microsoft Visual Studio Solution File, Format Version 12.00
# Visual Studio 15
VisualStudioVersion = 15.0.28307.329
MinimumVisualStudioVersion = 10.0.40219.1
Project("{FAE04EC0-301F-11D3-BF4B-00C04F79EFBC}") = "View", "View\View.csproj", "{B1DF86BE-FEFA-453D-9558-0E575C37C120}"
EndProject
Project("{FAE04EC0-301F-11D3-BF4B-00C04F79EFBC}") = "Model", "Model\Model.csproj", "{552D756C-69F0-4C18-A2BA-5CE30E2257AA}"
EndProject
Project("{FAE04EC0-301F-11D3-BF4B-00C04F79EFBC}") = "ViewModel", "ViewModel\ViewModel.csproj", "{1F031075-7D89-4CE9-A9C7-5640E8273551}"
EndProject
Project("{FAE04EC0-301F-11D3-BF4B-00C04F79EFBC}") = "Console", "Console\Console.csproj", "{BE5787F1-FE64-4F50-B1E1-527562E7D73E}"
EndProject
Global
	GlobalSection(SolutionConfigurationPlatforms) = preSolution
		Debug|Any CPU = Debug|Any CPU
		Release|Any CPU = Release|Any CPU
	EndGlobalSection
	GlobalSection(ProjectConfigurationPlatforms) = postSolution
		{B1DF86BE-FEFA-453D-9558-0E575C37C120}.Debug|Any CPU.ActiveCfg = Debug|Any CPU
		{B1DF86BE-FEFA-453D-9558-0E575C37C120}.Debug|Any CPU.Build.0 = Debug|Any CPU
		{B1DF86BE-FEFA-453D-9558-0E575C37C120}.Release|Any CPU.ActiveCfg = Release|Any CPU
		{B1DF86BE-FEFA-453D-9558-0E575C37C120}.Release|Any CPU.Build.0 = Release|Any CPU
		{552D756C-69F0-4C18-A2BA-5CE30E2257AA}.Debug|Any CPU.ActiveCfg = Debug|Any CPU
		{552D756C-69F0-4C18-A2BA-5CE30E2257AA}.Debug|Any CPU.Build.0 = Debug|Any CPU
		{552D756C-69F0-4C18-A2BA-5CE30E2257AA}.Release|Any CPU.ActiveCfg = Release|Any CPU
		{552D756C-69F0-4C18-A2BA-5CE30E2257AA}.Release|Any CPU.Build.0 = Release|Any CPU
		{1F031075-7D89-4CE9-A9C7-5640E8273551}.Debug|Any CPU.ActiveCfg = Debug|Any CPU
		{1F031075-7D89-4CE9-A9C7-5640E8273551}.Debug|Any CPU.Build.0 = Debug|Any CPU
		{1F031075-7D89-4CE9-A9C7-5640E8273551}.Release|Any CPU.ActiveCfg = Release|Any CPU
		{1F031075-7D89-4CE9-A9C7-5640E8273551}.Release|Any CPU.Build.0 = Release|Any CPU
		{BE5787F1-FE64-4F50-B1E1-527562E7D73E}.Debug|Any CPU.ActiveCfg = Debug|Any CPU
		{BE5787F1-FE64-4F50-B1E1-527562E7D73E}.Debug|Any CPU.Build.0 = Debug|Any CPU
		{BE5787F1-FE64-4F50-B1E1-527562E7D73E}.Release|Any CPU.ActiveCfg = Release|Any CPU
		{BE5787F1-FE64-4F50-B1E1-527562E7D73E}.Release|Any CPU.Build.0 = Release|Any CPU
	EndGlobalSection
	GlobalSection(SolutionProperties) = preSolution
		HideSolutionNode = FALSE
	EndGlobalSection
	GlobalSection(ExtensibilityGlobals) = postSolution
		SolutionGuid = {D9E4E065-E7A3-4EE2-BD68-6BE8175F7443}
	EndGlobalSection
EndGlobal
